
Microsoft Visual Studio Solution File, Format Version 12.00
# Visual Studio Version 17
VisualStudioVersion = 17.13.35931.197 d17.13
MinimumVisualStudioVersion = 10.0.40219.1
Project("{FAE04EC0-301F-11D3-BF4B-00C04F79EFBC}") = "Uppgift1", "Uppgift1\Uppgift1.csproj", "{2FD67CF6-7D6D-4F2F-9DA1-A8386C19BFEF}"
EndProject
Project("{FAE04EC0-301F-11D3-BF4B-00C04F79EFBC}") = "Uppgift1.Tests", "Uppgift1.Tests\Uppgift1.Tests.csproj", "{6351BE26-A643-4E71-93EA-E543EB42DD80}"
EndProject
Global
	GlobalSection(SolutionConfigurationPlatforms) = preSolution
		Debug|Any CPU = Debug|Any CPU
		Release|Any CPU = Release|Any CPU
	EndGlobalSection
	GlobalSection(ProjectConfigurationPlatforms) = postSolution
		{2FD67CF6-7D6D-4F2F-9DA1-A8386C19BFEF}.Debug|Any CPU.ActiveCfg = Debug|Any CPU
		{2FD67CF6-7D6D-4F2F-9DA1-A8386C19BFEF}.Debug|Any CPU.Build.0 = Debug|Any CPU
		{2FD67CF6-7D6D-4F2F-9DA1-A8386C19BFEF}.Release|Any CPU.ActiveCfg = Release|Any CPU
		{2FD67CF6-7D6D-4F2F-9DA1-A8386C19BFEF}.Release|Any CPU.Build.0 = Release|Any CPU
		{6351BE26-A643-4E71-93EA-E543EB42DD80}.Debug|Any CPU.ActiveCfg = Debug|Any CPU
		{6351BE26-A643-4E71-93EA-E543EB42DD80}.Debug|Any CPU.Build.0 = Debug|Any CPU
		{6351BE26-A643-4E71-93EA-E543EB42DD80}.Release|Any CPU.ActiveCfg = Release|Any CPU
		{6351BE26-A643-4E71-93EA-E543EB42DD80}.Release|Any CPU.Build.0 = Release|Any CPU
	EndGlobalSection
	GlobalSection(SolutionProperties) = preSolution
		HideSolutionNode = FALSE
	EndGlobalSection
	GlobalSection(ExtensibilityGlobals) = postSolution
		SolutionGuid = {4E4E1C6F-1C69-4BFA-BECC-F5197533C0B8}
	EndGlobalSection
EndGlobal
